{
  "version": 1,
  "dependencies": {
    ".NETCoreApp,Version=v5.0": {
      "DalamudPackager": {
        "type": "Direct",
        "requested": "[2.1.7, )",
        "resolved": "2.1.7",
        "contentHash": "jnZ/sdInyn07ycuWI+pPOtP/xE3v+c4+jYJfDt36FWnBF9NKqkpzfviJtPl/jGLgbaCmFIXu+Yid0N8GvdKefg=="
      },
      "YamlDotNet": {
        "type": "Direct",
        "requested": "[11.2.1, )",
        "resolved": "11.2.1",
        "contentHash": "tBt8K+korVfrjH9wyDEhiLKxbs8qoLCLIFwvYgkSUuMC9//w3z0cFQ8LQAI/5MCKq+BMil0cfRTRvPeE7eXhQw=="
      }
    }
  }
}