{
  "version": 1,
  "dependencies": {
    "net6.0-windows7.0": {
      "DalamudPackager": {
        "type": "Direct",
        "requested": "[2.1.8, )",
        "resolved": "2.1.8",
        "contentHash": "YqagNXs9InxmqkXzq7kLveImxnodkBEicAhydMXVp7dFjC7xb76U6zGgAax4/BWIWfZeWzr5DJyQSev31kj81A=="
      },
      "Microsoft.Extensions.DependencyInjection": {
        "type": "Direct",
        "requested": "[6.0.1, )",
        "resolved": "6.0.1",
        "contentHash": "vWXPg3HJQIpZkENn1KWq8SfbqVujVD7S7vIAyFXXqK5xkf1Vho+vG0bLBCHxU36lD1cLLtmGpfYf0B3MYFi9tQ==",
        "dependencies": {
          "Microsoft.Extensions.DependencyInjection.Abstractions": "6.0.0",
          "System.Runtime.CompilerServices.Unsafe": "6.0.0"
        }
      },
      "YamlDotNet": {
        "type": "Direct",
        "requested": "[12.0.2, )",
        "resolved": "12.0.2",
        "contentHash": "IFj2oDZYJIv5sM8mqaj5edVrpgUyoXk/wCGqZQJrgys/0tBajajpjRSgFM+iA/9ILOfTsPYKtcDcwvqBnBcNIg=="
      },
      "Microsoft.Extensions.DependencyInjection.Abstractions": {
        "type": "Transitive",
        "resolved": "6.0.0",
        "contentHash": "xlzi2IYREJH3/m6+lUrQlujzX8wDitm4QGnUu6kUXTQAWPuZY8i+ticFJbzfqaetLA6KR/rO6Ew/HuYD+bxifg=="
      },
      "System.Runtime.CompilerServices.Unsafe": {
        "type": "Transitive",
        "resolved": "6.0.0",
        "contentHash": "/iUeP3tq1S0XdNNoMz5C9twLSrM/TH+qElHkXWaPvuNOt+99G75NrV0OS2EqHx5wMN7popYjpc8oTjC1y16DLg=="
      }
    }
  }
}